
Microsoft Visual Studio Solution File, Format Version 12.00
# Visual Studio Version 16
VisualStudioVersion = 16.0.29001.49
MinimumVisualStudioVersion = 10.0.40219.1
Project("{FAE04EC0-301F-11D3-BF4B-00C04F79EFBC}") = "SHINASoftware", "SHINASoftware\SHINASoftware.csproj", "{29D1A15D-4C04-455D-80BB-12C476A14C1E}"
EndProject
Project("{54435603-DBB4-11D2-8724-00A0C9A8B90C}") = "SigepecSetup V1", "SigepecSetup\SigepecSetup V1\SigepecSetup V1.vdproj", "{1AE1661A-EECA-45CA-B3AB-D64DB3F5CDD1}"
EndProject
Global
	GlobalSection(SolutionConfigurationPlatforms) = preSolution
		All|Any CPU = All|Any CPU
		Debug|Any CPU = Debug|Any CPU
		Release|Any CPU = Release|Any CPU
	EndGlobalSection
	GlobalSection(ProjectConfigurationPlatforms) = postSolution
		{29D1A15D-4C04-455D-80BB-12C476A14C1E}.All|Any CPU.ActiveCfg = Release|Any CPU
		{29D1A15D-4C04-455D-80BB-12C476A14C1E}.All|Any CPU.Build.0 = Release|Any CPU
		{29D1A15D-4C04-455D-80BB-12C476A14C1E}.Debug|Any CPU.ActiveCfg = Release|Any CPU
		{29D1A15D-4C04-455D-80BB-12C476A14C1E}.Debug|Any CPU.Build.0 = Release|Any CPU
		{29D1A15D-4C04-455D-80BB-12C476A14C1E}.Release|Any CPU.ActiveCfg = Release|Any CPU
		{29D1A15D-4C04-455D-80BB-12C476A14C1E}.Release|Any CPU.Build.0 = Release|Any CPU
		{1AE1661A-EECA-45CA-B3AB-D64DB3F5CDD1}.All|Any CPU.ActiveCfg = Release
		{1AE1661A-EECA-45CA-B3AB-D64DB3F5CDD1}.Debug|Any CPU.ActiveCfg = Release
		{1AE1661A-EECA-45CA-B3AB-D64DB3F5CDD1}.Release|Any CPU.ActiveCfg = Release
	EndGlobalSection
	GlobalSection(SolutionProperties) = preSolution
		HideSolutionNode = FALSE
	EndGlobalSection
	GlobalSection(ExtensibilityGlobals) = postSolution
		SolutionGuid = {EED41106-1C5D-45A8-902C-2CD39E08CD7A}
	EndGlobalSection
EndGlobal
